// !$*UTF8*$!
{
	archiveVersion = 1;
	classes = {
	};
	objectVersion = 50;
	objects = {

/* Begin PBXBuildFile section */
		9F434509220D7BC8001E5F1A /* AppDelegate.swift in Sources */ = {isa = PBXBuildFile; fileRef = 9F434508220D7BC8001E5F1A /* AppDelegate.swift */; };
		9F43450B220D7BC8001E5F1A /* WeatherViewController.swift in Sources */ = {isa = PBXBuildFile; fileRef = 9F43450A220D7BC8001E5F1A /* WeatherViewController.swift */; };
		9F43450E220D7BC8001E5F1A /* Main.storyboard in Resources */ = {isa = PBXBuildFile; fileRef = 9F43450C220D7BC8001E5F1A /* Main.storyboard */; };
		9F434511220D7BC8001E5F1A /* Weather_Logger.xcdatamodeld in Sources */ = {isa = PBXBuildFile; fileRef = 9F43450F220D7BC8001E5F1A /* Weather_Logger.xcdatamodeld */; };
		9F434513220D7BCA001E5F1A /* Assets.xcassets in Resources */ = {isa = PBXBuildFile; fileRef = 9F434512220D7BCA001E5F1A /* Assets.xcassets */; };
		9F434516220D7BCA001E5F1A /* LaunchScreen.storyboard in Resources */ = {isa = PBXBuildFile; fileRef = 9F434514220D7BCA001E5F1A /* LaunchScreen.storyboard */; };
		9F434521220D7BCA001E5F1A /* Weather_LoggerTests.swift in Sources */ = {isa = PBXBuildFile; fileRef = 9F434520220D7BCA001E5F1A /* Weather_LoggerTests.swift */; };
		9F43452C220D7BCA001E5F1A /* Weather_LoggerUITests.swift in Sources */ = {isa = PBXBuildFile; fileRef = 9F43452B220D7BCA001E5F1A /* Weather_LoggerUITests.swift */; };
		9F43453E220DCBE8001E5F1A /* WeatherDataModel.swift in Sources */ = {isa = PBXBuildFile; fileRef = 9F43453D220DCBE7001E5F1A /* WeatherDataModel.swift */; };
		9F4345402212E1CF001E5F1A /* Helper.swift in Sources */ = {isa = PBXBuildFile; fileRef = 9F43453F2212E1CF001E5F1A /* Helper.swift */; };
		A0FF5BC941B45A08F202F08E /* Pods_Weather_LoggerTests.framework in Frameworks */ = {isa = PBXBuildFile; fileRef = B28343E45878FB9F916780BE /* Pods_Weather_LoggerTests.framework */; };
		A3BAF8870C768F337C26D5DB /* Pods_Weather_Logger.framework in Frameworks */ = {isa = PBXBuildFile; fileRef = 4017B843CE1DE63CEC900640 /* Pods_Weather_Logger.framework */; };
		F59B597F45F1397E85A60EBC /* Pods_Weather_LoggerUITests.framework in Frameworks */ = {isa = PBXBuildFile; fileRef = 46B76A08CFEE9DB0380BCA05 /* Pods_Weather_LoggerUITests.framework */; };
/* End PBXBuildFile section */

/* Begin PBXContainerItemProxy section */
		9F43451D220D7BCA001E5F1A /* PBXContainerItemProxy */ = {
			isa = PBXContainerItemProxy;
			containerPortal = 9F4344FD220D7BC8001E5F1A /* Project object */;
			proxyType = 1;
			remoteGlobalIDString = 9F434504220D7BC8001E5F1A;
			remoteInfo = "Weather Logger";
		};
		9F434528220D7BCA001E5F1A /* PBXContainerItemProxy */ = {
			isa = PBXContainerItemProxy;
			containerPortal = 9F4344FD220D7BC8001E5F1A /* Project object */;
			proxyType = 1;
			remoteGlobalIDString = 9F434504220D7BC8001E5F1A;
			remoteInfo = "Weather Logger";
		};
/* End PBXContainerItemProxy section */

/* Begin PBXFileReference section */
		1850F8D77DD6346D8AB40127 /* Pods-Weather LoggerTests.debug.xcconfig */ = {isa = PBXFileReference; includeInIndex = 1; lastKnownFileType = text.xcconfig; name = "Pods-Weather LoggerTests.debug.xcconfig"; path = "Pods/Target Support Files/Pods-Weather LoggerTests/Pods-Weather LoggerTests.debug.xcconfig"; sourceTree = "<group>"; };
		25E6B87A6A30A1C36379C57E /* Pods-Weather LoggerTests.release.xcconfig */ = {isa = PBXFileReference; includeInIndex = 1; lastKnownFileType = text.xcconfig; name = "Pods-Weather LoggerTests.release.xcconfig"; path = "Pods/Target Support Files/Pods-Weather LoggerTests/Pods-Weather LoggerTests.release.xcconfig"; sourceTree = "<group>"; };
		3CB7FF6A1D02B001EB75B4FA /* Pods-Weather LoggerUITests.release.xcconfig */ = {isa = PBXFileReference; includeInIndex = 1; lastKnownFileType = text.xcconfig; name = "Pods-Weather LoggerUITests.release.xcconfig"; path = "Pods/Target Support Files/Pods-Weather LoggerUITests/Pods-Weather LoggerUITests.release.xcconfig"; sourceTree = "<group>"; };
		4017B843CE1DE63CEC900640 /* Pods_Weather_Logger.framework */ = {isa = PBXFileReference; explicitFileType = wrapper.framework; includeInIndex = 0; path = Pods_Weather_Logger.framework; sourceTree = BUILT_PRODUCTS_DIR; };
		46B76A08CFEE9DB0380BCA05 /* Pods_Weather_LoggerUITests.framework */ = {isa = PBXFileReference; explicitFileType = wrapper.framework; includeInIndex = 0; path = Pods_Weather_LoggerUITests.framework; sourceTree = BUILT_PRODUCTS_DIR; };
		4A29EF4E7EA34DB0B3FC357A /* Pods-Weather Logger.debug.xcconfig */ = {isa = PBXFileReference; includeInIndex = 1; lastKnownFileType = text.xcconfig; name = "Pods-Weather Logger.debug.xcconfig"; path = "Pods/Target Support Files/Pods-Weather Logger/Pods-Weather Logger.debug.xcconfig"; sourceTree = "<group>"; };
		9F434505220D7BC8001E5F1A /* Weather Logger.app */ = {isa = PBXFileReference; explicitFileType = wrapper.application; includeInIndex = 0; path = "Weather Logger.app"; sourceTree = BUILT_PRODUCTS_DIR; };
		9F434508220D7BC8001E5F1A /* AppDelegate.swift */ = {isa = PBXFileReference; lastKnownFileType = sourcecode.swift; path = AppDelegate.swift; sourceTree = "<group>"; };
		9F43450A220D7BC8001E5F1A /* WeatherViewController.swift */ = {isa = PBXFileReference; lastKnownFileType = sourcecode.swift; path = WeatherViewController.swift; sourceTree = "<group>"; };
		9F43450D220D7BC8001E5F1A /* Base */ = {isa = PBXFileReference; lastKnownFileType = file.storyboard; name = Base; path = Base.lproj/Main.storyboard; sourceTree = "<group>"; };
		9F434510220D7BC8001E5F1A /* Weather_Logger.xcdatamodel */ = {isa = PBXFileReference; lastKnownFileType = wrapper.xcdatamodel; path = Weather_Logger.xcdatamodel; sourceTree = "<group>"; };
		9F434512220D7BCA001E5F1A /* Assets.xcassets */ = {isa = PBXFileReference; lastKnownFileType = folder.assetcatalog; path = Assets.xcassets; sourceTree = "<group>"; };
		9F434515220D7BCA001E5F1A /* Base */ = {isa = PBXFileReference; lastKnownFileType = file.storyboard; name = Base; path = Base.lproj/LaunchScreen.storyboard; sourceTree = "<group>"; };
		9F434517220D7BCA001E5F1A /* Info.plist */ = {isa = PBXFileReference; lastKnownFileType = text.plist.xml; path = Info.plist; sourceTree = "<group>"; };
		9F43451C220D7BCA001E5F1A /* Weather LoggerTests.xctest */ = {isa = PBXFileReference; explicitFileType = wrapper.cfbundle; includeInIndex = 0; path = "Weather LoggerTests.xctest"; sourceTree = BUILT_PRODUCTS_DIR; };
		9F434520220D7BCA001E5F1A /* Weather_LoggerTests.swift */ = {isa = PBXFileReference; lastKnownFileType = sourcecode.swift; path = Weather_LoggerTests.swift; sourceTree = "<group>"; };
		9F434522220D7BCA001E5F1A /* Info.plist */ = {isa = PBXFileReference; lastKnownFileType = text.plist.xml; path = Info.plist; sourceTree = "<group>"; };
		9F434527220D7BCA001E5F1A /* Weather LoggerUITests.xctest */ = {isa = PBXFileReference; explicitFileType = wrapper.cfbundle; includeInIndex = 0; path = "Weather LoggerUITests.xctest"; sourceTree = BUILT_PRODUCTS_DIR; };
		9F43452B220D7BCA001E5F1A /* Weather_LoggerUITests.swift */ = {isa = PBXFileReference; lastKnownFileType = sourcecode.swift; path = Weather_LoggerUITests.swift; sourceTree = "<group>"; };
		9F43452D220D7BCA001E5F1A /* Info.plist */ = {isa = PBXFileReference; lastKnownFileType = text.plist.xml; path = Info.plist; sourceTree = "<group>"; };
		9F43453D220DCBE7001E5F1A /* WeatherDataModel.swift */ = {isa = PBXFileReference; lastKnownFileType = sourcecode.swift; path = WeatherDataModel.swift; sourceTree = "<group>"; };
		9F43453F2212E1CF001E5F1A /* Helper.swift */ = {isa = PBXFileReference; lastKnownFileType = sourcecode.swift; path = Helper.swift; sourceTree = "<group>"; };
		B28343E45878FB9F916780BE /* Pods_Weather_LoggerTests.framework */ = {isa = PBXFileReference; explicitFileType = wrapper.framework; includeInIndex = 0; path = Pods_Weather_LoggerTests.framework; sourceTree = BUILT_PRODUCTS_DIR; };
		C089B59CCDEE747E99B5D7DC /* Pods-Weather LoggerUITests.debug.xcconfig */ = {isa = PBXFileReference; includeInIndex = 1; lastKnownFileType = text.xcconfig; name = "Pods-Weather LoggerUITests.debug.xcconfig"; path = "Pods/Target Support Files/Pods-Weather LoggerUITests/Pods-Weather LoggerUITests.debug.xcconfig"; sourceTree = "<group>"; };
		F6FA25334C71792970570A31 /* Pods-Weather Logger.release.xcconfig */ = {isa = PBXFileReference; includeInIndex = 1; lastKnownFileType = text.xcconfig; name = "Pods-Weather Logger.release.xcconfig"; path = "Pods/Target Support Files/Pods-Weather Logger/Pods-Weather Logger.release.xcconfig"; sourceTree = "<group>"; };
/* End PBXFileReference section */

/* Begin PBXFrameworksBuildPhase section */
		9F434502220D7BC8001E5F1A /* Frameworks */ = {
			isa = PBXFrameworksBuildPhase;
			buildActionMask = 2147483647;
			files = (
				A3BAF8870C768F337C26D5DB /* Pods_Weather_Logger.framework in Frameworks */,
			);
			runOnlyForDeploymentPostprocessing = 0;
		};
		9F434519220D7BCA001E5F1A /* Frameworks */ = {
			isa = PBXFrameworksBuildPhase;
			buildActionMask = 2147483647;
			files = (
				A0FF5BC941B45A08F202F08E /* Pods_Weather_LoggerTests.framework in Frameworks */,
			);
			runOnlyForDeploymentPostprocessing = 0;
		};
		9F434524220D7BCA001E5F1A /* Frameworks */ = {
			isa = PBXFrameworksBuildPhase;
			buildActionMask = 2147483647;
			files = (
				F59B597F45F1397E85A60EBC /* Pods_Weather_LoggerUITests.framework in Frameworks */,
			);
			runOnlyForDeploymentPostprocessing = 0;
		};
/* End PBXFrameworksBuildPhase section */

/* Begin PBXGroup section */
		9F4344FC220D7BC8001E5F1A = {
			isa = PBXGroup;
			children = (
				9F434507220D7BC8001E5F1A /* Weather Logger */,
				9F434512220D7BCA001E5F1A /* Assets.xcassets */,
				9F43451F220D7BCA001E5F1A /* Weather LoggerTests */,
				9F43452A220D7BCA001E5F1A /* Weather LoggerUITests */,
				9F434506220D7BC8001E5F1A /* Products */,
				FD311894F6AA3EBDB860FCA9 /* Pods */,
				C3A13BA799653D18E5ADC592 /* Frameworks */,
			);
			sourceTree = "<group>";
		};
		9F434506220D7BC8001E5F1A /* Products */ = {
			isa = PBXGroup;
			children = (
				9F434505220D7BC8001E5F1A /* Weather Logger.app */,
				9F43451C220D7BCA001E5F1A /* Weather LoggerTests.xctest */,
				9F434527220D7BCA001E5F1A /* Weather LoggerUITests.xctest */,
			);
			name = Products;
			sourceTree = "<group>";
		};
		9F434507220D7BC8001E5F1A /* Weather Logger */ = {
			isa = PBXGroup;
			children = (
				9F43453B220D7CE0001E5F1A /* Controller */,
				9F43453A220D7CD7001E5F1A /* View */,
				9F434539220D7CC1001E5F1A /* Model */,
				9F43453C220D97D0001E5F1A /* Supporting Files */,
			);
			path = "Weather Logger";
			sourceTree = "<group>";
		};
		9F43451F220D7BCA001E5F1A /* Weather LoggerTests */ = {
			isa = PBXGroup;
			children = (
				9F434520220D7BCA001E5F1A /* Weather_LoggerTests.swift */,
				9F434522220D7BCA001E5F1A /* Info.plist */,
			);
			path = "Weather LoggerTests";
			sourceTree = "<group>";
		};
		9F43452A220D7BCA001E5F1A /* Weather LoggerUITests */ = {
			isa = PBXGroup;
			children = (
				9F43452B220D7BCA001E5F1A /* Weather_LoggerUITests.swift */,
				9F43452D220D7BCA001E5F1A /* Info.plist */,
			);
			path = "Weather LoggerUITests";
			sourceTree = "<group>";
		};
		9F434539220D7CC1001E5F1A /* Model */ = {
			isa = PBXGroup;
			children = (
				9F43450F220D7BC8001E5F1A /* Weather_Logger.xcdatamodeld */,
				9F43453D220DCBE7001E5F1A /* WeatherDataModel.swift */,
			);
			path = Model;
			sourceTree = "<group>";
		};
		9F43453A220D7CD7001E5F1A /* View */ = {
			isa = PBXGroup;
			children = (
				9F434514220D7BCA001E5F1A /* LaunchScreen.storyboard */,
				9F43450C220D7BC8001E5F1A /* Main.storyboard */,
			);
			path = View;
			sourceTree = "<group>";
		};
		9F43453B220D7CE0001E5F1A /* Controller */ = {
			isa = PBXGroup;
			children = (
				9F434508220D7BC8001E5F1A /* AppDelegate.swift */,
				9F43450A220D7BC8001E5F1A /* WeatherViewController.swift */,
				9F43453F2212E1CF001E5F1A /* Helper.swift */,
			);
			path = Controller;
			sourceTree = "<group>";
		};
		9F43453C220D97D0001E5F1A /* Supporting Files */ = {
			isa = PBXGroup;
			children = (
				9F434517220D7BCA001E5F1A /* Info.plist */,
			);
			path = "Supporting Files";
			sourceTree = "<group>";
		};
		C3A13BA799653D18E5ADC592 /* Frameworks */ = {
			isa = PBXGroup;
			children = (
				4017B843CE1DE63CEC900640 /* Pods_Weather_Logger.framework */,
				B28343E45878FB9F916780BE /* Pods_Weather_LoggerTests.framework */,
				46B76A08CFEE9DB0380BCA05 /* Pods_Weather_LoggerUITests.framework */,
			);
			name = Frameworks;
			sourceTree = "<group>";
		};
		FD311894F6AA3EBDB860FCA9 /* Pods */ = {
			isa = PBXGroup;
			children = (
				4A29EF4E7EA34DB0B3FC357A /* Pods-Weather Logger.debug.xcconfig */,
				F6FA25334C71792970570A31 /* Pods-Weather Logger.release.xcconfig */,
				1850F8D77DD6346D8AB40127 /* Pods-Weather LoggerTests.debug.xcconfig */,
				25E6B87A6A30A1C36379C57E /* Pods-Weather LoggerTests.release.xcconfig */,
				C089B59CCDEE747E99B5D7DC /* Pods-Weather LoggerUITests.debug.xcconfig */,
				3CB7FF6A1D02B001EB75B4FA /* Pods-Weather LoggerUITests.release.xcconfig */,
			);
			name = Pods;
			sourceTree = "<group>";
		};
/* End PBXGroup section */

/* Begin PBXNativeTarget section */
		9F434504220D7BC8001E5F1A /* Weather Logger */ = {
			isa = PBXNativeTarget;
			buildConfigurationList = 9F434530220D7BCA001E5F1A /* Build configuration list for PBXNativeTarget "Weather Logger" */;
			buildPhases = (
				5CE99104242CA6AADF7FB2DB /* [CP] Check Pods Manifest.lock */,
				9F434501220D7BC8001E5F1A /* Sources */,
				9F434502220D7BC8001E5F1A /* Frameworks */,
				9F434503220D7BC8001E5F1A /* Resources */,
				6811029888BD071F03564E66 /* [CP] Embed Pods Frameworks */,
			);
			buildRules = (
			);
			dependencies = (
			);
			name = "Weather Logger";
			productName = "Weather Logger";
			productReference = 9F434505220D7BC8001E5F1A /* Weather Logger.app */;
			productType = "com.apple.product-type.application";
		};
		9F43451B220D7BCA001E5F1A /* Weather LoggerTests */ = {
			isa = PBXNativeTarget;
			buildConfigurationList = 9F434533220D7BCA001E5F1A /* Build configuration list for PBXNativeTarget "Weather LoggerTests" */;
			buildPhases = (
				0AB33B24CA28F5CC30C8731D /* [CP] Check Pods Manifest.lock */,
				9F434518220D7BCA001E5F1A /* Sources */,
				9F434519220D7BCA001E5F1A /* Frameworks */,
				9F43451A220D7BCA001E5F1A /* Resources */,
			);
			buildRules = (
			);
			dependencies = (
				9F43451E220D7BCA001E5F1A /* PBXTargetDependency */,
			);
			name = "Weather LoggerTests";
			productName = "Weather LoggerTests";
			productReference = 9F43451C220D7BCA001E5F1A /* Weather LoggerTests.xctest */;
			productType = "com.apple.product-type.bundle.unit-test";
		};
		9F434526220D7BCA001E5F1A /* Weather LoggerUITests */ = {
			isa = PBXNativeTarget;
			buildConfigurationList = 9F434536220D7BCA001E5F1A /* Build configuration list for PBXNativeTarget "Weather LoggerUITests" */;
			buildPhases = (
				AAD649BA87659D9052C5FE47 /* [CP] Check Pods Manifest.lock */,
				9F434523220D7BCA001E5F1A /* Sources */,
				9F434524220D7BCA001E5F1A /* Frameworks */,
				9F434525220D7BCA001E5F1A /* Resources */,
			);
			buildRules = (
			);
			dependencies = (
				9F434529220D7BCA001E5F1A /* PBXTargetDependency */,
			);
			name = "Weather LoggerUITests";
			productName = "Weather LoggerUITests";
			productReference = 9F434527220D7BCA001E5F1A /* Weather LoggerUITests.xctest */;
			productType = "com.apple.product-type.bundle.ui-testing";
		};
/* End PBXNativeTarget section */

/* Begin PBXProject section */
		9F4344FD220D7BC8001E5F1A /* Project object */ = {
			isa = PBXProject;
			attributes = {
				LastSwiftUpdateCheck = 1010;
				LastUpgradeCheck = 1010;
				ORGANIZATIONNAME = "Aleksandrs Muravjovs";
				TargetAttributes = {
					9F434504220D7BC8001E5F1A = {
						CreatedOnToolsVersion = 10.1;
					};
					9F43451B220D7BCA001E5F1A = {
						CreatedOnToolsVersion = 10.1;
						TestTargetID = 9F434504220D7BC8001E5F1A;
					};
					9F434526220D7BCA001E5F1A = {
						CreatedOnToolsVersion = 10.1;
						TestTargetID = 9F434504220D7BC8001E5F1A;
					};
				};
			};
			buildConfigurationList = 9F434500220D7BC8001E5F1A /* Build configuration list for PBXProject "Weather Logger" */;
			compatibilityVersion = "Xcode 9.3";
			developmentRegion = en;
			hasScannedForEncodings = 0;
			knownRegions = (
				en,
				Base,
			);
			mainGroup = 9F4344FC220D7BC8001E5F1A;
			productRefGroup = 9F434506220D7BC8001E5F1A /* Products */;
			projectDirPath = "";
			projectRoot = "";
			targets = (
				9F434504220D7BC8001E5F1A /* Weather Logger */,
				9F43451B220D7BCA001E5F1A /* Weather LoggerTests */,
				9F434526220D7BCA001E5F1A /* Weather LoggerUITests */,
			);
		};
/* End PBXProject section */

/* Begin PBXResourcesBuildPhase section */
		9F434503220D7BC8001E5F1A /* Resources */ = {
			isa = PBXResourcesBuildPhase;
			buildActionMask = 2147483647;
			files = (
				9F434516220D7BCA001E5F1A /* LaunchScreen.storyboard in Resources */,
				9F434513220D7BCA001E5F1A /* Assets.xcassets in Resources */,
				9F43450E220D7BC8001E5F1A /* Main.storyboard in Resources */,
			);
			runOnlyForDeploymentPostprocessing = 0;
		};
		9F43451A220D7BCA001E5F1A /* Resources */ = {
			isa = PBXResourcesBuildPhase;
			buildActionMask = 2147483647;
			files = (
			);
			runOnlyForDeploymentPostprocessing = 0;
		};
		9F434525220D7BCA001E5F1A /* Resources */ = {
			isa = PBXResourcesBuildPhase;
			buildActionMask = 2147483647;
			files = (
			);
			runOnlyForDeploymentPostprocessing = 0;
		};
/* End PBXResourcesBuildPhase section */

/* Begin PBXShellScriptBuildPhase section */
		0AB33B24CA28F5CC30C8731D /* [CP] Check Pods Manifest.lock */ = {
			isa = PBXShellScriptBuildPhase;
			buildActionMask = 2147483647;
			files = (
			);
			inputPaths = (
				"${PODS_PODFILE_DIR_PATH}/Podfile.lock",
				"${PODS_ROOT}/Manifest.lock",
			);
			name = "[CP] Check Pods Manifest.lock";
			outputPaths = (
				"$(DERIVED_FILE_DIR)/Pods-Weather LoggerTests-checkManifestLockResult.txt",
			);
			runOnlyForDeploymentPostprocessing = 0;
			shellPath = /bin/sh;
			shellScript = "diff \"${PODS_PODFILE_DIR_PATH}/Podfile.lock\" \"${PODS_ROOT}/Manifest.lock\" > /dev/null\nif [ $? != 0 ] ; then\n    # print error to STDERR\n    echo \"error: The sandbox is not in sync with the Podfile.lock. Run 'pod install' or update your CocoaPods installation.\" >&2\n    exit 1\nfi\n# This output is used by Xcode 'outputs' to avoid re-running this script phase.\necho \"SUCCESS\" > \"${SCRIPT_OUTPUT_FILE_0}\"\n";
			showEnvVarsInLog = 0;
		};
		5CE99104242CA6AADF7FB2DB /* [CP] Check Pods Manifest.lock */ = {
			isa = PBXShellScriptBuildPhase;
			buildActionMask = 2147483647;
			files = (
			);
			inputPaths = (
				"${PODS_PODFILE_DIR_PATH}/Podfile.lock",
				"${PODS_ROOT}/Manifest.lock",
			);
			name = "[CP] Check Pods Manifest.lock";
			outputPaths = (
				"$(DERIVED_FILE_DIR)/Pods-Weather Logger-checkManifestLockResult.txt",
			);
			runOnlyForDeploymentPostprocessing = 0;
			shellPath = /bin/sh;
			shellScript = "diff \"${PODS_PODFILE_DIR_PATH}/Podfile.lock\" \"${PODS_ROOT}/Manifest.lock\" > /dev/null\nif [ $? != 0 ] ; then\n    # print error to STDERR\n    echo \"error: The sandbox is not in sync with the Podfile.lock. Run 'pod install' or update your CocoaPods installation.\" >&2\n    exit 1\nfi\n# This output is used by Xcode 'outputs' to avoid re-running this script phase.\necho \"SUCCESS\" > \"${SCRIPT_OUTPUT_FILE_0}\"\n";
			showEnvVarsInLog = 0;
		};
		6811029888BD071F03564E66 /* [CP] Embed Pods Frameworks */ = {
			isa = PBXShellScriptBuildPhase;
			buildActionMask = 2147483647;
			files = (
			);
			inputPaths = (
				"${SRCROOT}/Pods/Target Support Files/Pods-Weather Logger/Pods-Weather Logger-frameworks.sh",
				"${BUILT_PRODUCTS_DIR}/Alamofire/Alamofire.framework",
			);
			name = "[CP] Embed Pods Frameworks";
			outputPaths = (
				"${TARGET_BUILD_DIR}/${FRAMEWORKS_FOLDER_PATH}/Alamofire.framework",
			);
			runOnlyForDeploymentPostprocessing = 0;
			shellPath = /bin/sh;
			shellScript = "\"${SRCROOT}/Pods/Target Support Files/Pods-Weather Logger/Pods-Weather Logger-frameworks.sh\"\n";
			showEnvVarsInLog = 0;
		};
		AAD649BA87659D9052C5FE47 /* [CP] Check Pods Manifest.lock */ = {
			isa = PBXShellScriptBuildPhase;
			buildActionMask = 2147483647;
			files = (
			);
			inputPaths = (
				"${PODS_PODFILE_DIR_PATH}/Podfile.lock",
				"${PODS_ROOT}/Manifest.lock",
			);
			name = "[CP] Check Pods Manifest.lock";
			outputPaths = (
				"$(DERIVED_FILE_DIR)/Pods-Weather LoggerUITests-checkManifestLockResult.txt",
			);
			runOnlyForDeploymentPostprocessing = 0;
			shellPath = /bin/sh;
			shellScript = "diff \"${PODS_PODFILE_DIR_PATH}/Podfile.lock\" \"${PODS_ROOT}/Manifest.lock\" > /dev/null\nif [ $? != 0 ] ; then\n    # print error to STDERR\n    echo \"error: The sandbox is not in sync with the Podfile.lock. Run 'pod install' or update your CocoaPods installation.\" >&2\n    exit 1\nfi\n# This output is used by Xcode 'outputs' to avoid re-running this script phase.\necho \"SUCCESS\" > \"${SCRIPT_OUTPUT_FILE_0}\"\n";
			showEnvVarsInLog = 0;
		};
/* End PBXShellScriptBuildPhase section */

/* Begin PBXSourcesBuildPhase section */
		9F434501220D7BC8001E5F1A /* Sources */ = {
			isa = PBXSourcesBuildPhase;
			buildActionMask = 2147483647;
			files = (
				9F43453E220DCBE8001E5F1A /* WeatherDataModel.swift in Sources */,
				9F43450B220D7BC8001E5F1A /* WeatherViewController.swift in Sources */,
				9F4345402212E1CF001E5F1A /* Helper.swift in Sources */,
				9F434511220D7BC8001E5F1A /* Weather_Logger.xcdatamodeld in Sources */,
				9F434509220D7BC8001E5F1A /* AppDelegate.swift in Sources */,
			);
			runOnlyForDeploymentPostprocessing = 0;
		};
		9F434518220D7BCA001E5F1A /* Sources */ = {
			isa = PBXSourcesBuildPhase;
			buildActionMask = 2147483647;
			files = (
				9F434521220D7BCA001E5F1A /* Weather_LoggerTests.swift in Sources */,
			);
			runOnlyForDeploymentPostprocessing = 0;
		};
		9F434523220D7BCA001E5F1A /* Sources */ = {
			isa = PBXSourcesBuildPhase;
			buildActionMask = 2147483647;
			files = (
				9F43452C220D7BCA001E5F1A /* Weather_LoggerUITests.swift in Sources */,
			);
			runOnlyForDeploymentPostprocessing = 0;
		};
/* End PBXSourcesBuildPhase section */

/* Begin PBXTargetDependency section */
		9F43451E220D7BCA001E5F1A /* PBXTargetDependency */ = {
			isa = PBXTargetDependency;
			target = 9F434504220D7BC8001E5F1A /* Weather Logger */;
			targetProxy = 9F43451D220D7BCA001E5F1A /* PBXContainerItemProxy */;
		};
		9F434529220D7BCA001E5F1A /* PBXTargetDependency */ = {
			isa = PBXTargetDependency;
			target = 9F434504220D7BC8001E5F1A /* Weather Logger */;
			targetProxy = 9F434528220D7BCA001E5F1A /* PBXContainerItemProxy */;
		};
/* End PBXTargetDependency section */

/* Begin PBXVariantGroup section */
		9F43450C220D7BC8001E5F1A /* Main.storyboard */ = {
			isa = PBXVariantGroup;
			children = (
				9F43450D220D7BC8001E5F1A /* Base */,
			);
			name = Main.storyboard;
			sourceTree = "<group>";
		};
		9F434514220D7BCA001E5F1A /* LaunchScreen.storyboard */ = {
			isa = PBXVariantGroup;
			children = (
				9F434515220D7BCA001E5F1A /* Base */,
			);
			name = LaunchScreen.storyboard;
			sourceTree = "<group>";
		};
/* End PBXVariantGroup section */

/* Begin XCBuildConfiguration section */
		9F43452E220D7BCA001E5F1A /* Debug */ = {
			isa = XCBuildConfiguration;
			buildSettings = {
				ALWAYS_SEARCH_USER_PATHS = NO;
				CLANG_ANALYZER_NONNULL = YES;
				CLANG_ANALYZER_NUMBER_OBJECT_CONVERSION = YES_AGGRESSIVE;
				CLANG_CXX_LANGUAGE_STANDARD = "gnu++14";
				CLANG_CXX_LIBRARY = "libc++";
				CLANG_ENABLE_MODULES = YES;
				CLANG_ENABLE_OBJC_ARC = YES;
				CLANG_ENABLE_OBJC_WEAK = YES;
				CLANG_WARN_BLOCK_CAPTURE_AUTORELEASING = YES;
				CLANG_WARN_BOOL_CONVERSION = YES;
				CLANG_WARN_COMMA = YES;
				CLANG_WARN_CONSTANT_CONVERSION = YES;
				CLANG_WARN_DEPRECATED_OBJC_IMPLEMENTATIONS = YES;
				CLANG_WARN_DIRECT_OBJC_ISA_USAGE = YES_ERROR;
				CLANG_WARN_DOCUMENTATION_COMMENTS = YES;
				CLANG_WARN_EMPTY_BODY = YES;
				CLANG_WARN_ENUM_CONVERSION = YES;
				CLANG_WARN_INFINITE_RECURSION = YES;
				CLANG_WARN_INT_CONVERSION = YES;
				CLANG_WARN_NON_LITERAL_NULL_CONVERSION = YES;
				CLANG_WARN_OBJC_IMPLICIT_RETAIN_SELF = YES;
				CLANG_WARN_OBJC_LITERAL_CONVERSION = YES;
				CLANG_WARN_OBJC_ROOT_CLASS = YES_ERROR;
				CLANG_WARN_RANGE_LOOP_ANALYSIS = YES;
				CLANG_WARN_STRICT_PROTOTYPES = YES;
				CLANG_WARN_SUSPICIOUS_MOVE = YES;
				CLANG_WARN_UNGUARDED_AVAILABILITY = YES_AGGRESSIVE;
				CLANG_WARN_UNREACHABLE_CODE = YES;
				CLANG_WARN__DUPLICATE_METHOD_MATCH = YES;
				CODE_SIGN_IDENTITY = "iPhone Developer";
				COPY_PHASE_STRIP = NO;
				DEBUG_INFORMATION_FORMAT = dwarf;
				ENABLE_STRICT_OBJC_MSGSEND = YES;
				ENABLE_TESTABILITY = YES;
				GCC_C_LANGUAGE_STANDARD = gnu11;
				GCC_DYNAMIC_NO_PIC = NO;
				GCC_NO_COMMON_BLOCKS = YES;
				GCC_OPTIMIZATION_LEVEL = 0;
				GCC_PREPROCESSOR_DEFINITIONS = (
					"DEBUG=1",
					"$(inherited)",
				);
				GCC_WARN_64_TO_32_BIT_CONVERSION = YES;
				GCC_WARN_ABOUT_RETURN_TYPE = YES_ERROR;
				GCC_WARN_UNDECLARED_SELECTOR = YES;
				GCC_WARN_UNINITIALIZED_AUTOS = YES_AGGRESSIVE;
				GCC_WARN_UNUSED_FUNCTION = YES;
				GCC_WARN_UNUSED_VARIABLE = YES;
				IPHONEOS_DEPLOYMENT_TARGET = 12.1;
				MTL_ENABLE_DEBUG_INFO = INCLUDE_SOURCE;
				MTL_FAST_MATH = YES;
				ONLY_ACTIVE_ARCH = YES;
				SDKROOT = iphoneos;
				SWIFT_ACTIVE_COMPILATION_CONDITIONS = DEBUG;
				SWIFT_OPTIMIZATION_LEVEL = "-Onone";
			};
			name = Debug;
		};
		9F43452F220D7BCA001E5F1A /* Release */ = {
			isa = XCBuildConfiguration;
			buildSettings = {
				ALWAYS_SEARCH_USER_PATHS = NO;
				CLANG_ANALYZER_NONNULL = YES;
				CLANG_ANALYZER_NUMBER_OBJECT_CONVERSION = YES_AGGRESSIVE;
				CLANG_CXX_LANGUAGE_STANDARD = "gnu++14";
				CLANG_CXX_LIBRARY = "libc++";
				CLANG_ENABLE_MODULES = YES;
				CLANG_ENABLE_OBJC_ARC = YES;
				CLANG_ENABLE_OBJC_WEAK = YES;
				CLANG_WARN_BLOCK_CAPTURE_AUTORELEASING = YES;
				CLANG_WARN_BOOL_CONVERSION = YES;
				CLANG_WARN_COMMA = YES;
				CLANG_WARN_CONSTANT_CONVERSION = YES;
				CLANG_WARN_DEPRECATED_OBJC_IMPLEMENTATIONS = YES;
				CLANG_WARN_DIRECT_OBJC_ISA_USAGE = YES_ERROR;
				CLANG_WARN_DOCUMENTATION_COMMENTS = YES;
				CLANG_WARN_EMPTY_BODY = YES;
				CLANG_WARN_ENUM_CONVERSION = YES;
				CLANG_WARN_INFINITE_RECURSION = YES;
				CLANG_WARN_INT_CONVERSION = YES;
				CLANG_WARN_NON_LITERAL_NULL_CONVERSION = YES;
				CLANG_WARN_OBJC_IMPLICIT_RETAIN_SELF = YES;
				CLANG_WARN_OBJC_LITERAL_CONVERSION = YES;
				CLANG_WARN_OBJC_ROOT_CLASS = YES_ERROR;
				CLANG_WARN_RANGE_LOOP_ANALYSIS = YES;
				CLANG_WARN_STRICT_PROTOTYPES = YES;
				CLANG_WARN_SUSPICIOUS_MOVE = YES;
				CLANG_WARN_UNGUARDED_AVAILABILITY = YES_AGGRESSIVE;
				CLANG_WARN_UNREACHABLE_CODE = YES;
				CLANG_WARN__DUPLICATE_METHOD_MATCH = YES;
				CODE_SIGN_IDENTITY = "iPhone Developer";
				COPY_PHASE_STRIP = NO;
				DEBUG_INFORMATION_FORMAT = "dwarf-with-dsym";
				ENABLE_NS_ASSERTIONS = NO;
				ENABLE_STRICT_OBJC_MSGSEND = YES;
				GCC_C_LANGUAGE_STANDARD = gnu11;
				GCC_NO_COMMON_BLOCKS = YES;
				GCC_WARN_64_TO_32_BIT_CONVERSION = YES;
				GCC_WARN_ABOUT_RETURN_TYPE = YES_ERROR;
				GCC_WARN_UNDECLARED_SELECTOR = YES;
				GCC_WARN_UNINITIALIZED_AUTOS = YES_AGGRESSIVE;
				GCC_WARN_UNUSED_FUNCTION = YES;
				GCC_WARN_UNUSED_VARIABLE = YES;
				IPHONEOS_DEPLOYMENT_TARGET = 12.1;
				MTL_ENABLE_DEBUG_INFO = NO;
				MTL_FAST_MATH = YES;
				SDKROOT = iphoneos;
				SWIFT_COMPILATION_MODE = wholemodule;
				SWIFT_OPTIMIZATION_LEVEL = "-O";
				VALIDATE_PRODUCT = YES;
			};
			name = Release;
		};
		9F434531220D7BCA001E5F1A /* Debug */ = {
			isa = XCBuildConfiguration;
			baseConfigurationReference = 4A29EF4E7EA34DB0B3FC357A /* Pods-Weather Logger.debug.xcconfig */;
			buildSettings = {
				ASSETCATALOG_COMPILER_APPICON_NAME = AppIcon;
				CODE_SIGN_STYLE = Automatic;
				DEVELOPMENT_TEAM = L76KH2KAZX;
				INFOPLIST_FILE = "$(SRCROOT)/Weather Logger/Supporting Files/Info.plist";
				LD_RUNPATH_SEARCH_PATHS = (
					"$(inherited)",
					"@executable_path/Frameworks",
				);
				PRODUCT_BUNDLE_IDENTIFIER = "com.aleksandrsmuravjovs.Weather-Logger";
				PRODUCT_NAME = "$(TARGET_NAME)";
				SWIFT_VERSION = 4.2;
				TARGETED_DEVICE_FAMILY = "1,2";
			};
			name = Debug;
		};
		9F434532220D7BCA001E5F1A /* Release */ = {
			isa = XCBuildConfiguration;
			baseConfigurationReference = F6FA25334C71792970570A31 /* Pods-Weather Logger.release.xcconfig */;
			buildSettings = {
				ASSETCATALOG_COMPILER_APPICON_NAME = AppIcon;
				CODE_SIGN_STYLE = Automatic;
				DEVELOPMENT_TEAM = L76KH2KAZX;
				INFOPLIST_FILE = "$(SRCROOT)/Weather Logger/Supporting Files/Info.plist";
				LD_RUNPATH_SEARCH_PATHS = (
					"$(inherited)",
					"@executable_path/Frameworks",
				);
				PRODUCT_BUNDLE_IDENTIFIER = "com.aleksandrsmuravjovs.Weather-Logger";
				PRODUCT_NAME = "$(TARGET_NAME)";
				SWIFT_VERSION = 4.2;
				TARGETED_DEVICE_FAMILY = "1,2";
			};
			name = Release;
		};
		9F434534220D7BCA001E5F1A /* Debug */ = {
			isa = XCBuildConfiguration;
			baseConfigurationReference = 1850F8D77DD6346D8AB40127 /* Pods-Weather LoggerTests.debug.xcconfig */;
			buildSettings = {
				ALWAYS_EMBED_SWIFT_STANDARD_LIBRARIES = YES;
				BUNDLE_LOADER = "$(TEST_HOST)";
				CODE_SIGN_STYLE = Automatic;
				DEVELOPMENT_TEAM = L76KH2KAZX;
				INFOPLIST_FILE = "Weather LoggerTests/Info.plist";
				LD_RUNPATH_SEARCH_PATHS = (
					"$(inherited)",
					"@executable_path/Frameworks",
					"@loader_path/Frameworks",
				);
				PRODUCT_BUNDLE_IDENTIFIER = "com.aleksandrsmuravjovs.Weather-LoggerTests";
				PRODUCT_NAME = "$(TARGET_NAME)";
				SWIFT_VERSION = 4.2;
				TARGETED_DEVICE_FAMILY = "1,2";
				TEST_HOST = "$(BUILT_PRODUCTS_DIR)/Weather Logger.app/Weather Logger";
			};
			name = Debug;
		};
		9F434535220D7BCA001E5F1A /* Release */ = {
			isa = XCBuildConfiguration;
			baseConfigurationReference = 25E6B87A6A30A1C36379C57E /* Pods-Weather LoggerTests.release.xcconfig */;
			buildSettings = {
				ALWAYS_EMBED_SWIFT_STANDARD_LIBRARIES = YES;
				BUNDLE_LOADER = "$(TEST_HOST)";
				CODE_SIGN_STYLE = Automatic;
				DEVELOPMENT_TEAM = L76KH2KAZX;
				INFOPLIST_FILE = "Weather LoggerTests/Info.plist";
				LD_RUNPATH_SEARCH_PATHS = (
					"$(inherited)",
					"@executable_path/Frameworks",
					"@loader_path/Frameworks",
				);
				PRODUCT_BUNDLE_IDENTIFIER = "com.aleksandrsmuravjovs.Weather-LoggerTests";
				PRODUCT_NAME = "$(TARGET_NAME)";
				SWIFT_VERSION = 4.2;
				TARGETED_DEVICE_FAMILY = "1,2";
				TEST_HOST = "$(BUILT_PRODUCTS_DIR)/Weather Logger.app/Weather Logger";
			};
			name = Release;
		};
		9F434537220D7BCA001E5F1A /* Debug */ = {
			isa = XCBuildConfiguration;
			baseConfigurationReference = C089B59CCDEE747E99B5D7DC /* Pods-Weather LoggerUITests.debug.xcconfig */;
			buildSettings = {
				ALWAYS_EMBED_SWIFT_STANDARD_LIBRARIES = YES;
				CODE_SIGN_STYLE = Automatic;
				DEVELOPMENT_TEAM = L76KH2KAZX;
				INFOPLIST_FILE = "Weather LoggerUITests/Info.plist";
				LD_RUNPATH_SEARCH_PATHS = (
					"$(inherited)",
					"@executable_path/Frameworks",
					"@loader_path/Frameworks",
				);
				PRODUCT_BUNDLE_IDENTIFIER = "com.aleksandrsmuravjovs.Weather-LoggerUITests";
				PRODUCT_NAME = "$(TARGET_NAME)";
				SWIFT_VERSION = 4.2;
				TARGETED_DEVICE_FAMILY = "1,2";
				TEST_TARGET_NAME = "Weather Logger";
			};
			name = Debug;
		};
		9F434538220D7BCA001E5F1A /* Release */ = {
			isa = XCBuildConfiguration;
			baseConfigurationReference = 3CB7FF6A1D02B001EB75B4FA /* Pods-Weather LoggerUITests.release.xcconfig */;
			buildSettings = {
				ALWAYS_EMBED_SWIFT_STANDARD_LIBRARIES = YES;
				CODE_SIGN_STYLE = Automatic;
				DEVELOPMENT_TEAM = L76KH2KAZX;
				INFOPLIST_FILE = "Weather LoggerUITests/Info.plist";
				LD_RUNPATH_SEARCH_PATHS = (
					"$(inherited)",
					"@executable_path/Frameworks",
					"@loader_path/Frameworks",
				);
				PRODUCT_BUNDLE_IDENTIFIER = "com.aleksandrsmuravjovs.Weather-LoggerUITests";
				PRODUCT_NAME = "$(TARGET_NAME)";
				SWIFT_VERSION = 4.2;
				TARGETED_DEVICE_FAMILY = "1,2";
				TEST_TARGET_NAME = "Weather Logger";
			};
			name = Release;
		};
/* End XCBuildConfiguration section */

/* Begin XCConfigurationList section */
		9F434500220D7BC8001E5F1A /* Build configuration list for PBXProject "Weather Logger" */ = {
			isa = XCConfigurationList;
			buildConfigurations = (
				9F43452E220D7BCA001E5F1A /* Debug */,
				9F43452F220D7BCA001E5F1A /* Release */,
			);
			defaultConfigurationIsVisible = 0;
			defaultConfigurationName = Release;
		};
		9F434530220D7BCA001E5F1A /* Build configuration list for PBXNativeTarget "Weather Logger" */ = {
			isa = XCConfigurationList;
			buildConfigurations = (
				9F434531220D7BCA001E5F1A /* Debug */,
				9F434532220D7BCA001E5F1A /* Release */,
			);
			defaultConfigurationIsVisible = 0;
			defaultConfigurationName = Release;
		};
		9F434533220D7BCA001E5F1A /* Build configuration list for PBXNativeTarget "Weather LoggerTests" */ = {
			isa = XCConfigurationList;
			buildConfigurations = (
				9F434534220D7BCA001E5F1A /* Debug */,
				9F434535220D7BCA001E5F1A /* Release */,
			);
			defaultConfigurationIsVisible = 0;
			defaultConfigurationName = Release;
		};
		9F434536220D7BCA001E5F1A /* Build configuration list for PBXNativeTarget "Weather LoggerUITests" */ = {
			isa = XCConfigurationList;
			buildConfigurations = (
				9F434537220D7BCA001E5F1A /* Debug */,
				9F434538220D7BCA001E5F1A /* Release */,
			);
			defaultConfigurationIsVisible = 0;
			defaultConfigurationName = Release;
		};
/* End XCConfigurationList section */

/* Begin XCVersionGroup section */
		9F43450F220D7BC8001E5F1A /* Weather_Logger.xcdatamodeld */ = {
			isa = XCVersionGroup;
			children = (
				9F434510220D7BC8001E5F1A /* Weather_Logger.xcdatamodel */,
			);
			currentVersion = 9F434510220D7BC8001E5F1A /* Weather_Logger.xcdatamodel */;
			path = Weather_Logger.xcdatamodeld;
			sourceTree = "<group>";
			versionGroupType = wrapper.xcdatamodel;
		};
/* End XCVersionGroup section */
	};
	rootObject = 9F4344FD220D7BC8001E5F1A /* Project object */;
}
